
Microsoft Visual Studio Solution File, Format Version 12.00
# Visual Studio Version 16
VisualStudioVersion = 16.0.29509.3
MinimumVisualStudioVersion = 10.0.40219.1
Project("{FAE04EC0-301F-11D3-BF4B-00C04F79EFBC}") = "AngularWithAPI", "AngularWithAPI\AngularWithAPI.csproj", "{157DEC34-13CD-460B-8DB1-58826A9CBBB3}"
EndProject
Global
	GlobalSection(SolutionConfigurationPlatforms) = preSolution
		Debug|Any CPU = Debug|Any CPU
		Release|Any CPU = Release|Any CPU
	EndGlobalSection
	GlobalSection(ProjectConfigurationPlatforms) = postSolution
		{157DEC34-13CD-460B-8DB1-58826A9CBBB3}.Debug|Any CPU.ActiveCfg = Debug|Any CPU
		{157DEC34-13CD-460B-8DB1-58826A9CBBB3}.Debug|Any CPU.Build.0 = Debug|Any CPU
		{157DEC34-13CD-460B-8DB1-58826A9CBBB3}.Release|Any CPU.ActiveCfg = Release|Any CPU
		{157DEC34-13CD-460B-8DB1-58826A9CBBB3}.Release|Any CPU.Build.0 = Release|Any CPU
	EndGlobalSection
	GlobalSection(SolutionProperties) = preSolution
		HideSolutionNode = FALSE
	EndGlobalSection
	GlobalSection(ExtensibilityGlobals) = postSolution
		SolutionGuid = {81BCBCEA-9698-4354-BB03-87A7E2C5778B}
	EndGlobalSection
EndGlobal
